// !$*UTF8*$!
{
	archiveVersion = 1;
	classes = {
	};
	objectVersion = 48;
	objects = {

/* Begin PBXBuildFile section */
		0C13CE541F8086520014AF7B /* runtime in Resources */ = {isa = PBXBuildFile; fileRef = 0C13CE521F8086450014AF7B /* runtime */; };
		0C6289601F83A57200A57EED /* SourceCodeEditor.swift in Sources */ = {isa = PBXBuildFile; fileRef = 0C62895F1F83A57200A57EED /* SourceCodeEditor.swift */; };
		0C7735FB1F8427C200EF582E /* xcode.vim in CopyFiles */ = {isa = PBXBuildFile; fileRef = 0C7735F81F84251400EF582E /* xcode.vim */; };
		0C7D3CE21F80B24500D26CB3 /* IDEKit in Frameworks */ = {isa = PBXBuildFile; fileRef = 0C7D3CE11F80B24000D26CB3 /* IDEKit */; settings = {ATTRIBUTES = (Weak, ); }; };
		0C7D3CE41F80B2D200D26CB3 /* IDESourceEditor in Frameworks */ = {isa = PBXBuildFile; fileRef = 0C7D3CE31F80B2C400D26CB3 /* IDESourceEditor */; settings = {ATTRIBUTES = (Weak, ); }; };
		0C7D3CE61F80B5F400D26CB3 /* DVTFoundation in Frameworks */ = {isa = PBXBuildFile; fileRef = 0C7D3CE51F80B5F100D26CB3 /* DVTFoundation */; settings = {ATTRIBUTES = (Weak, ); }; };
		0C7D3CE81F80B9A100D26CB3 /* IDEPegasusSourceEditor in Frameworks */ = {isa = PBXBuildFile; fileRef = 0C7D3CE71F80B99800D26CB3 /* IDEPegasusSourceEditor */; };
		0C7D3CEA1F81684300D26CB3 /* XNeovimView.swift in Sources */ = {isa = PBXBuildFile; fileRef = 0C7D3CE91F81684300D26CB3 /* XNeovimView.swift */; };
		0C7D3CEC1F81687F00D26CB3 /* XNeovimStatusBar.swift in Sources */ = {isa = PBXBuildFile; fileRef = 0C7D3CEB1F81687F00D26CB3 /* XNeovimStatusBar.swift */; };
		0C7D3CEE1F81727E00D26CB3 /* Helper.swift in Sources */ = {isa = PBXBuildFile; fileRef = 0C7D3CED1F81727E00D26CB3 /* Helper.swift */; };
		0C8F7B401F822F51006C356E /* libiconv.tbd in Frameworks */ = {isa = PBXBuildFile; fileRef = 0C8F7B3F1F822F50006C356E /* libiconv.tbd */; };
		0C95C7501F80314600D477DB /* XNeovimService.framework in Embed Frameworks */ = {isa = PBXBuildFile; fileRef = 0CDE27811F802CB4005D4E3C /* XNeovimService.framework */; settings = {ATTRIBUTES = (CodeSignOnCopy, RemoveHeadersOnCopy, ); }; };
		0C95C7AF1F8082F900D477DB /* SourceEditor in Frameworks */ = {isa = PBXBuildFile; fileRef = 0C95C7AB1F8082B300D477DB /* SourceEditor */; };
		0C95C7B11F8082F900D477DB /* DVTKit in Frameworks */ = {isa = PBXBuildFile; fileRef = 0C95C7AC1F8082BF00D477DB /* DVTKit */; settings = {ATTRIBUTES = (Weak, ); }; };
		0C95C7D21F8083A200D477DB /* Logger.swift in Sources */ = {isa = PBXBuildFile; fileRef = 0C95C7C01F80836800D477DB /* Logger.swift */; };
		0C95C7D31F8083A200D477DB /* Runtime.swift in Sources */ = {isa = PBXBuildFile; fileRef = 0C95C7C11F80836800D477DB /* Runtime.swift */; };
		0C9A7D571F86D5A200D74A99 /* XNeovimServerInput.h in Headers */ = {isa = PBXBuildFile; fileRef = 0C9A7D551F86D5A200D74A99 /* XNeovimServerInput.h */; settings = {ATTRIBUTES = (Public, ); }; };
		0C9A7D581F86D5A200D74A99 /* XNeovimServerInput.m in Sources */ = {isa = PBXBuildFile; fileRef = 0C9A7D561F86D5A200D74A99 /* XNeovimServerInput.m */; };
		0C9A7D5B1F86D7F500D74A99 /* XNeovimServer.m in Sources */ = {isa = PBXBuildFile; fileRef = 0C9A7D591F86D7F400D74A99 /* XNeovimServer.m */; };
		0C9A7D5C1F86D7F500D74A99 /* XNeovimServer.h in Headers */ = {isa = PBXBuildFile; fileRef = 0C9A7D5A1F86D7F400D74A99 /* XNeovimServer.h */; settings = {ATTRIBUTES = (Public, ); }; };
		0C9A7D5F1F86D80400D74A99 /* XNeovimServerScreen.m in Sources */ = {isa = PBXBuildFile; fileRef = 0C9A7D5D1F86D80400D74A99 /* XNeovimServerScreen.m */; };
		0C9A7D601F86D80400D74A99 /* XNeovimServerScreen.h in Headers */ = {isa = PBXBuildFile; fileRef = 0C9A7D5E1F86D80400D74A99 /* XNeovimServerScreen.h */; settings = {ATTRIBUTES = (Public, ); }; };
		0CB104C71EEFF589002CB7FA /* XNeovimService.framework in Frameworks */ = {isa = PBXBuildFile; fileRef = 0CDE27811F802CB4005D4E3C /* XNeovimService.framework */; };
		0CB797EF1F8E548100A7D8F4 /* libnvim.a in Frameworks */ = {isa = PBXBuildFile; fileRef = 0CB797E61F8E547900A7D8F4 /* libnvim.a */; };
		0CB797F01F8E548100A7D8F4 /* libjemalloc_pic.a in Frameworks */ = {isa = PBXBuildFile; fileRef = 0CB797EB1F8E547900A7D8F4 /* libjemalloc_pic.a */; };
		0CB797F11F8E548100A7D8F4 /* libjemalloc.a in Frameworks */ = {isa = PBXBuildFile; fileRef = 0CB797EE1F8E547A00A7D8F4 /* libjemalloc.a */; };
		0CB797F21F8E548100A7D8F4 /* libluajit-5.1.a in Frameworks */ = {isa = PBXBuildFile; fileRef = 0CB797EC1F8E547900A7D8F4 /* libluajit-5.1.a */; };
		0CB797F31F8E548100A7D8F4 /* libluv.a in Frameworks */ = {isa = PBXBuildFile; fileRef = 0CB797ED1F8E547A00A7D8F4 /* libluv.a */; };
		0CB797F41F8E548100A7D8F4 /* libmsgpackc.a in Frameworks */ = {isa = PBXBuildFile; fileRef = 0CB797E71F8E547900A7D8F4 /* libmsgpackc.a */; };
		0CB797F51F8E548100A7D8F4 /* libtermkey.a in Frameworks */ = {isa = PBXBuildFile; fileRef = 0CB797E81F8E547900A7D8F4 /* libtermkey.a */; };
		0CB797F61F8E548100A7D8F4 /* libunibilium.a in Frameworks */ = {isa = PBXBuildFile; fileRef = 0CB797E51F8E547900A7D8F4 /* libunibilium.a */; };
		0CB797F71F8E548100A7D8F4 /* libuv.a in Frameworks */ = {isa = PBXBuildFile; fileRef = 0CB797E91F8E547900A7D8F4 /* libuv.a */; };
		0CB797F81F8E548100A7D8F4 /* libvterm.a in Frameworks */ = {isa = PBXBuildFile; fileRef = 0CB797EA1F8E547900A7D8F4 /* libvterm.a */; };
		0CD3D5DB1F868FF80081EEF9 /* XNeovimServerView.m in Sources */ = {isa = PBXBuildFile; fileRef = 0CD3D5D31F868FF70081EEF9 /* XNeovimServerView.m */; };
		0CD3D5DC1F868FF80081EEF9 /* XNeovimBuffer.h in Headers */ = {isa = PBXBuildFile; fileRef = 0CD3D5D41F868FF70081EEF9 /* XNeovimBuffer.h */; settings = {ATTRIBUTES = (Public, ); }; };
		0CD3D5DD1F868FF80081EEF9 /* XNeovimBuffer.m in Sources */ = {isa = PBXBuildFile; fileRef = 0CD3D5D51F868FF80081EEF9 /* XNeovimBuffer.m */; };
		0CD3D5DE1F868FF80081EEF9 /* XNeovimServerWindow.m in Sources */ = {isa = PBXBuildFile; fileRef = 0CD3D5D61F868FF80081EEF9 /* XNeovimServerWindow.m */; };
		0CD3D5E01F868FF80081EEF9 /* XNeovimServerView.h in Headers */ = {isa = PBXBuildFile; fileRef = 0CD3D5D81F868FF80081EEF9 /* XNeovimServerView.h */; settings = {ATTRIBUTES = (Public, ); }; };
		0CD3D5E11F868FF80081EEF9 /* XNeovimServerWindow.h in Headers */ = {isa = PBXBuildFile; fileRef = 0CD3D5D91F868FF80081EEF9 /* XNeovimServerWindow.h */; settings = {ATTRIBUTES = (Public, ); }; };
		0CD48BF01F8DD8D700D9FE20 /* libintl.a in Frameworks */ = {isa = PBXBuildFile; fileRef = 0CD48BED1F8DD79000D9FE20 /* libintl.a */; };
		0CD8354E1F8B1DFE00773F21 /* XNeovimServerScreen+Internal.h in Headers */ = {isa = PBXBuildFile; fileRef = 0CD835481F8B1DFD00773F21 /* XNeovimServerScreen+Internal.h */; };
		0CD835501F8B1DFE00773F21 /* XNeovimServerWindow+Internal.h in Headers */ = {isa = PBXBuildFile; fileRef = 0CD8354A1F8B1DFD00773F21 /* XNeovimServerWindow+Internal.h */; };
		0CD835511F8B1DFE00773F21 /* XNeovimServerView+Internal.h in Headers */ = {isa = PBXBuildFile; fileRef = 0CD8354B1F8B1DFE00773F21 /* XNeovimServerView+Internal.h */; };
		0CD835541F8B2A8B00773F21 /* XNeovimServer+Internal.h in Headers */ = {isa = PBXBuildFile; fileRef = 0CD835531F8B2A8B00773F21 /* XNeovimServer+Internal.h */; };
		0CD835571F8B302500773F21 /* XNeovimServerSelection.h in Headers */ = {isa = PBXBuildFile; fileRef = 0CD835551F8B302500773F21 /* XNeovimServerSelection.h */; settings = {ATTRIBUTES = (Public, ); }; };
		0CD835581F8B302500773F21 /* XNeovimServerSelection.m in Sources */ = {isa = PBXBuildFile; fileRef = 0CD835561F8B302500773F21 /* XNeovimServerSelection.m */; };
		0CD8355B1F8B32E000773F21 /* XNeovimServerPosition.h in Headers */ = {isa = PBXBuildFile; fileRef = 0CD835591F8B32E000773F21 /* XNeovimServerPosition.h */; settings = {ATTRIBUTES = (Public, ); }; };
		0CD8355C1F8B32E000773F21 /* XNeovimServerPosition.m in Sources */ = {isa = PBXBuildFile; fileRef = 0CD8355A1F8B32E000773F21 /* XNeovimServerPosition.m */; };
		0CD835611F8D06E000773F21 /* rd_route.c in Sources */ = {isa = PBXBuildFile; fileRef = 0CD835601F8D06E000773F21 /* rd_route.c */; };
		0CD835671F8D1A7D00773F21 /* rd_get_func_impl.c in Sources */ = {isa = PBXBuildFile; fileRef = 0CD835661F8D1A7C00773F21 /* rd_get_func_impl.c */; };
		0CDE27911F802CB4005D4E3C /* XNeovimService.h in Headers */ = {isa = PBXBuildFile; fileRef = 0CDE27831F802CB4005D4E3C /* XNeovimService.h */; settings = {ATTRIBUTES = (Public, ); }; };
		35463F101C27665100C5544D /* XNeovim.swift in Sources */ = {isa = PBXBuildFile; fileRef = 35463F0F1C27665100C5544D /* XNeovim.swift */; };
/* End PBXBuildFile section */

/* Begin PBXContainerItemProxy section */
		0C8F7B301F822DF2006C356E /* PBXContainerItemProxy */ = {
			isa = PBXContainerItemProxy;
			containerPortal = 35463F021C27665100C5544D /* Project object */;
			proxyType = 1;
			remoteGlobalIDString = 0CDE27801F802CB4005D4E3C;
			remoteInfo = XNeovimService;
		};
/* End PBXContainerItemProxy section */

/* Begin PBXCopyFilesBuildPhase section */
		0C7735FA1F8427B900EF582E /* CopyFiles */ = {
			isa = PBXCopyFilesBuildPhase;
			buildActionMask = 2147483647;
			dstPath = runtime/plugin;
			dstSubfolderSpec = 7;
			files = (
				0C7735FB1F8427C200EF582E /* xcode.vim in CopyFiles */,
			);
			runOnlyForDeploymentPostprocessing = 0;
		};
		0CB104C81EEFF589002CB7FA /* Embed Frameworks */ = {
			isa = PBXCopyFilesBuildPhase;
			buildActionMask = 2147483647;
			dstPath = "";
			dstSubfolderSpec = 10;
			files = (
				0C95C7501F80314600D477DB /* XNeovimService.framework in Embed Frameworks */,
			);
			name = "Embed Frameworks";
			runOnlyForDeploymentPostprocessing = 0;
		};
/* End PBXCopyFilesBuildPhase section */

/* Begin PBXFileReference section */
		0C13CE521F8086450014AF7B /* runtime */ = {isa = PBXFileReference; lastKnownFileType = folder; name = runtime; path = neovim/runtime; sourceTree = "<group>"; };
		0C62895F1F83A57200A57EED /* SourceCodeEditor.swift */ = {isa = PBXFileReference; fileEncoding = 4; lastKnownFileType = sourcecode.swift; path = SourceCodeEditor.swift; sourceTree = "<group>"; wrapsLines = 0; };
		0C7735F81F84251400EF582E /* xcode.vim */ = {isa = PBXFileReference; lastKnownFileType = text; path = xcode.vim; sourceTree = "<group>"; };
		0C7D3CE11F80B24000D26CB3 /* IDEKit */ = {isa = PBXFileReference; lastKnownFileType = "compiled.mach-o.dylib"; name = IDEKit; path = ../Frameworks/IDEKit.framework/Versions/A/IDEKit; sourceTree = DEVELOPER_DIR; };
		0C7D3CE31F80B2C400D26CB3 /* IDESourceEditor */ = {isa = PBXFileReference; lastKnownFileType = "compiled.mach-o.dylib"; name = IDESourceEditor; path = ../PlugIns/IDESourceEditor.ideplugin/Contents/MacOS/IDESourceEditor; sourceTree = DEVELOPER_DIR; };
		0C7D3CE51F80B5F100D26CB3 /* DVTFoundation */ = {isa = PBXFileReference; lastKnownFileType = "compiled.mach-o.dylib"; name = DVTFoundation; path = ../SharedFrameworks/DVTFoundation.framework/Versions/A/DVTFoundation; sourceTree = DEVELOPER_DIR; };
		0C7D3CE71F80B99800D26CB3 /* IDEPegasusSourceEditor */ = {isa = PBXFileReference; lastKnownFileType = "compiled.mach-o.dylib"; name = IDEPegasusSourceEditor; path = ../PlugIns/IDEPegasusSourceEditor.ideplugin/Contents/MacOS/IDEPegasusSourceEditor; sourceTree = DEVELOPER_DIR; };
		0C7D3CE91F81684300D26CB3 /* XNeovimView.swift */ = {isa = PBXFileReference; lastKnownFileType = sourcecode.swift; path = XNeovimView.swift; sourceTree = "<group>"; };
		0C7D3CEB1F81687F00D26CB3 /* XNeovimStatusBar.swift */ = {isa = PBXFileReference; lastKnownFileType = sourcecode.swift; path = XNeovimStatusBar.swift; sourceTree = "<group>"; };
		0C7D3CED1F81727E00D26CB3 /* Helper.swift */ = {isa = PBXFileReference; lastKnownFileType = sourcecode.swift; path = Helper.swift; sourceTree = "<group>"; };
		0C8F7B371F822E77006C356E /* Info.plist */ = {isa = PBXFileReference; fileEncoding = 4; lastKnownFileType = text.plist.xml; path = Info.plist; sourceTree = "<group>"; };
		0C8F7B3F1F822F50006C356E /* libiconv.tbd */ = {isa = PBXFileReference; lastKnownFileType = "sourcecode.text-based-dylib-definition"; name = libiconv.tbd; path = usr/lib/libiconv.tbd; sourceTree = SDKROOT; };
		0C95C7511F8032A100D477DB /* neovim */ = {isa = PBXFileReference; lastKnownFileType = folder; path = neovim; sourceTree = "<group>"; };
		0C95C7AB1F8082B300D477DB /* SourceEditor */ = {isa = PBXFileReference; lastKnownFileType = "compiled.mach-o.dylib"; name = SourceEditor; path = ../SharedFrameworks/SourceEditor.framework/Versions/A/SourceEditor; sourceTree = DEVELOPER_DIR; };
		0C95C7AC1F8082BF00D477DB /* DVTKit */ = {isa = PBXFileReference; lastKnownFileType = "compiled.mach-o.dylib"; name = DVTKit; path = ../SharedFrameworks/DVTKit.framework/Versions/A/DVTKit; sourceTree = DEVELOPER_DIR; };
		0C95C7B51F80836800D477DB /* DVTFoundation.h */ = {isa = PBXFileReference; fileEncoding = 4; lastKnownFileType = sourcecode.c.h; path = DVTFoundation.h; sourceTree = "<group>"; };
		0C95C7B61F80836800D477DB /* DVTKit.h */ = {isa = PBXFileReference; fileEncoding = 4; lastKnownFileType = sourcecode.c.h; path = DVTKit.h; sourceTree = "<group>"; };
		0C95C7B71F80836800D477DB /* IDEFoundation.h */ = {isa = PBXFileReference; fileEncoding = 4; lastKnownFileType = sourcecode.c.h; path = IDEFoundation.h; sourceTree = "<group>"; };
		0C95C7B81F80836800D477DB /* IDEKit.h */ = {isa = PBXFileReference; fileEncoding = 4; lastKnownFileType = sourcecode.c.h; path = IDEKit.h; sourceTree = "<group>"; };
		0C95C7B91F80836800D477DB /* IDESourceEditor.h */ = {isa = PBXFileReference; fileEncoding = 4; lastKnownFileType = sourcecode.c.h; path = IDESourceEditor.h; sourceTree = "<group>"; };
		0C95C7BF1F80836800D477DB /* Info.plist */ = {isa = PBXFileReference; fileEncoding = 4; lastKnownFileType = text.plist.xml; path = Info.plist; sourceTree = "<group>"; };
		0C95C7C01F80836800D477DB /* Logger.swift */ = {isa = PBXFileReference; fileEncoding = 4; lastKnownFileType = sourcecode.swift; path = Logger.swift; sourceTree = "<group>"; };
		0C95C7C11F80836800D477DB /* Runtime.swift */ = {isa = PBXFileReference; fileEncoding = 4; lastKnownFileType = sourcecode.swift; path = Runtime.swift; sourceTree = "<group>"; };
		0C95C7C21F80836800D477DB /* XNeovim-Bridging.h */ = {isa = PBXFileReference; fileEncoding = 4; lastKnownFileType = sourcecode.c.h; path = "XNeovim-Bridging.h"; sourceTree = "<group>"; };
		0C98367A1F82AAFE0047E699 /* XNeovim.h */ = {isa = PBXFileReference; lastKnownFileType = sourcecode.c.h; path = XNeovim.h; sourceTree = "<group>"; };
		0C9A7D551F86D5A200D74A99 /* XNeovimServerInput.h */ = {isa = PBXFileReference; lastKnownFileType = sourcecode.c.h; path = XNeovimServerInput.h; sourceTree = "<group>"; };
		0C9A7D561F86D5A200D74A99 /* XNeovimServerInput.m */ = {isa = PBXFileReference; lastKnownFileType = sourcecode.c.objc; path = XNeovimServerInput.m; sourceTree = "<group>"; };
		0C9A7D591F86D7F400D74A99 /* XNeovimServer.m */ = {isa = PBXFileReference; fileEncoding = 4; lastKnownFileType = sourcecode.c.objc; path = XNeovimServer.m; sourceTree = "<group>"; wrapsLines = 0; };
		0C9A7D5A1F86D7F400D74A99 /* XNeovimServer.h */ = {isa = PBXFileReference; fileEncoding = 4; lastKnownFileType = sourcecode.c.h; path = XNeovimServer.h; sourceTree = "<group>"; };
		0C9A7D5D1F86D80400D74A99 /* XNeovimServerScreen.m */ = {isa = PBXFileReference; fileEncoding = 4; lastKnownFileType = sourcecode.c.objc; path = XNeovimServerScreen.m; sourceTree = "<group>"; };
		0C9A7D5E1F86D80400D74A99 /* XNeovimServerScreen.h */ = {isa = PBXFileReference; fileEncoding = 4; lastKnownFileType = sourcecode.c.h; path = XNeovimServerScreen.h; sourceTree = "<group>"; };
		0CB797E51F8E547900A7D8F4 /* libunibilium.a */ = {isa = PBXFileReference; lastKnownFileType = archive.ar; name = libunibilium.a; path = ../neovim/.deps/usr/lib/libunibilium.a; sourceTree = "<group>"; };
		0CB797E61F8E547900A7D8F4 /* libnvim.a */ = {isa = PBXFileReference; lastKnownFileType = archive.ar; name = libnvim.a; path = ../neovim/build/lib/libnvim.a; sourceTree = "<group>"; };
		0CB797E71F8E547900A7D8F4 /* libmsgpackc.a */ = {isa = PBXFileReference; lastKnownFileType = archive.ar; name = libmsgpackc.a; path = ../neovim/.deps/usr/lib/libmsgpackc.a; sourceTree = "<group>"; };
		0CB797E81F8E547900A7D8F4 /* libtermkey.a */ = {isa = PBXFileReference; lastKnownFileType = archive.ar; name = libtermkey.a; path = ../neovim/.deps/usr/lib/libtermkey.a; sourceTree = "<group>"; };
		0CB797E91F8E547900A7D8F4 /* libuv.a */ = {isa = PBXFileReference; lastKnownFileType = archive.ar; name = libuv.a; path = ../neovim/.deps/usr/lib/libuv.a; sourceTree = "<group>"; };
		0CB797EA1F8E547900A7D8F4 /* libvterm.a */ = {isa = PBXFileReference; lastKnownFileType = archive.ar; name = libvterm.a; path = ../neovim/.deps/usr/lib/libvterm.a; sourceTree = "<group>"; };
		0CB797EB1F8E547900A7D8F4 /* libjemalloc_pic.a */ = {isa = PBXFileReference; lastKnownFileType = archive.ar; name = libjemalloc_pic.a; path = ../neovim/.deps/usr/lib/libjemalloc_pic.a; sourceTree = "<group>"; };
		0CB797EC1F8E547900A7D8F4 /* libluajit-5.1.a */ = {isa = PBXFileReference; lastKnownFileType = archive.ar; name = "libluajit-5.1.a"; path = "../neovim/.deps/usr/lib/libluajit-5.1.a"; sourceTree = "<group>"; };
		0CB797ED1F8E547A00A7D8F4 /* libluv.a */ = {isa = PBXFileReference; lastKnownFileType = archive.ar; name = libluv.a; path = ../neovim/.deps/usr/lib/libluv.a; sourceTree = "<group>"; };
		0CB797EE1F8E547A00A7D8F4 /* libjemalloc.a */ = {isa = PBXFileReference; lastKnownFileType = archive.ar; name = libjemalloc.a; path = ../neovim/.deps/usr/lib/libjemalloc.a; sourceTree = "<group>"; };
		0CD3D5D31F868FF70081EEF9 /* XNeovimServerView.m */ = {isa = PBXFileReference; fileEncoding = 4; lastKnownFileType = sourcecode.c.objc; path = XNeovimServerView.m; sourceTree = "<group>"; };
		0CD3D5D41F868FF70081EEF9 /* XNeovimBuffer.h */ = {isa = PBXFileReference; fileEncoding = 4; lastKnownFileType = sourcecode.c.h; path = XNeovimBuffer.h; sourceTree = "<group>"; };
		0CD3D5D51F868FF80081EEF9 /* XNeovimBuffer.m */ = {isa = PBXFileReference; fileEncoding = 4; lastKnownFileType = sourcecode.c.objc; path = XNeovimBuffer.m; sourceTree = "<group>"; };
		0CD3D5D61F868FF80081EEF9 /* XNeovimServerWindow.m */ = {isa = PBXFileReference; fileEncoding = 4; lastKnownFileType = sourcecode.c.objc; path = XNeovimServerWindow.m; sourceTree = "<group>"; };
		0CD3D5D81F868FF80081EEF9 /* XNeovimServerView.h */ = {isa = PBXFileReference; fileEncoding = 4; lastKnownFileType = sourcecode.c.h; path = XNeovimServerView.h; sourceTree = "<group>"; };
		0CD3D5D91F868FF80081EEF9 /* XNeovimServerWindow.h */ = {isa = PBXFileReference; fileEncoding = 4; lastKnownFileType = sourcecode.c.h; path = XNeovimServerWindow.h; sourceTree = "<group>"; };
		0CD48BED1F8DD79000D9FE20 /* libintl.a */ = {isa = PBXFileReference; lastKnownFileType = archive.ar; name = libintl.a; path = ../../../../usr/local/Cellar/gettext/0.19.8.1/lib/libintl.a; sourceTree = "<group>"; };
		0CD835481F8B1DFD00773F21 /* XNeovimServerScreen+Internal.h */ = {isa = PBXFileReference; fileEncoding = 4; lastKnownFileType = sourcecode.c.h; path = "XNeovimServerScreen+Internal.h"; sourceTree = "<group>"; };
		0CD8354A1F8B1DFD00773F21 /* XNeovimServerWindow+Internal.h */ = {isa = PBXFileReference; fileEncoding = 4; lastKnownFileType = sourcecode.c.h; path = "XNeovimServerWindow+Internal.h"; sourceTree = "<group>"; };
		0CD8354B1F8B1DFE00773F21 /* XNeovimServerView+Internal.h */ = {isa = PBXFileReference; fileEncoding = 4; lastKnownFileType = sourcecode.c.h; path = "XNeovimServerView+Internal.h"; sourceTree = "<group>"; };
		0CD835531F8B2A8B00773F21 /* XNeovimServer+Internal.h */ = {isa = PBXFileReference; lastKnownFileType = sourcecode.c.h; path = "XNeovimServer+Internal.h"; sourceTree = "<group>"; };
		0CD835551F8B302500773F21 /* XNeovimServerSelection.h */ = {isa = PBXFileReference; lastKnownFileType = sourcecode.c.h; path = XNeovimServerSelection.h; sourceTree = "<group>"; };
		0CD835561F8B302500773F21 /* XNeovimServerSelection.m */ = {isa = PBXFileReference; lastKnownFileType = sourcecode.c.objc; path = XNeovimServerSelection.m; sourceTree = "<group>"; };
		0CD835591F8B32E000773F21 /* XNeovimServerPosition.h */ = {isa = PBXFileReference; lastKnownFileType = sourcecode.c.h; path = XNeovimServerPosition.h; sourceTree = "<group>"; };
		0CD8355A1F8B32E000773F21 /* XNeovimServerPosition.m */ = {isa = PBXFileReference; lastKnownFileType = sourcecode.c.objc; path = XNeovimServerPosition.m; sourceTree = "<group>"; };
		0CD8355F1F8D06DF00773F21 /* rd_route.h */ = {isa = PBXFileReference; lastKnownFileType = sourcecode.c.h; name = rd_route.h; path = rd_route/rd_route.h; sourceTree = "<group>"; };
		0CD835601F8D06E000773F21 /* rd_route.c */ = {isa = PBXFileReference; lastKnownFileType = sourcecode.c.c; name = rd_route.c; path = rd_route/rd_route.c; sourceTree = "<group>"; };
		0CD835661F8D1A7C00773F21 /* rd_get_func_impl.c */ = {isa = PBXFileReference; fileEncoding = 4; lastKnownFileType = sourcecode.c.c; name = rd_get_func_impl.c; path = rd_route/rd_get_func_impl.c; sourceTree = "<group>"; };
		0CDE27811F802CB4005D4E3C /* XNeovimService.framework */ = {isa = PBXFileReference; explicitFileType = wrapper.framework; includeInIndex = 0; path = XNeovimService.framework; sourceTree = BUILT_PRODUCTS_DIR; };
		0CDE27831F802CB4005D4E3C /* XNeovimService.h */ = {isa = PBXFileReference; lastKnownFileType = sourcecode.c.h; path = XNeovimService.h; sourceTree = "<group>"; };
		35463F091C27665100C5544D /* XNeovim.xcplugin */ = {isa = PBXFileReference; explicitFileType = wrapper.cfbundle; includeInIndex = 0; path = XNeovim.xcplugin; sourceTree = BUILT_PRODUCTS_DIR; };
		35463F0F1C27665100C5544D /* XNeovim.swift */ = {isa = PBXFileReference; lastKnownFileType = sourcecode.swift; path = XNeovim.swift; sourceTree = "<group>"; wrapsLines = 0; };
		35463F1C1C276AE200C5544D /* README.md */ = {isa = PBXFileReference; lastKnownFileType = net.daringfireball.markdown; path = README.md; sourceTree = "<group>"; };
/* End PBXFileReference section */

/* Begin PBXFrameworksBuildPhase section */
		00380A711F3CEBE000916E02 /* Frameworks */ = {
			isa = PBXFrameworksBuildPhase;
			buildActionMask = 2147483647;
			files = (
				0C7D3CE21F80B24500D26CB3 /* IDEKit in Frameworks */,
				0C95C7B11F8082F900D477DB /* DVTKit in Frameworks */,
				0C7D3CE81F80B9A100D26CB3 /* IDEPegasusSourceEditor in Frameworks */,
				0C7D3CE61F80B5F400D26CB3 /* DVTFoundation in Frameworks */,
				0C7D3CE41F80B2D200D26CB3 /* IDESourceEditor in Frameworks */,
				0C95C7AF1F8082F900D477DB /* SourceEditor in Frameworks */,
				0CB104C71EEFF589002CB7FA /* XNeovimService.framework in Frameworks */,
			);
			runOnlyForDeploymentPostprocessing = 0;
		};
		0CDE277D1F802CB4005D4E3C /* Frameworks */ = {
			isa = PBXFrameworksBuildPhase;
			buildActionMask = 2147483647;
			files = (
				0CD48BF01F8DD8D700D9FE20 /* libintl.a in Frameworks */,
				0C8F7B401F822F51006C356E /* libiconv.tbd in Frameworks */,
				0CB797F01F8E548100A7D8F4 /* libjemalloc_pic.a in Frameworks */,
				0CB797F11F8E548100A7D8F4 /* libjemalloc.a in Frameworks */,
				0CB797F41F8E548100A7D8F4 /* libmsgpackc.a in Frameworks */,
				0CB797EF1F8E548100A7D8F4 /* libnvim.a in Frameworks */,
				0CB797F81F8E548100A7D8F4 /* libvterm.a in Frameworks */,
				0CB797F61F8E548100A7D8F4 /* libunibilium.a in Frameworks */,
				0CB797F51F8E548100A7D8F4 /* libtermkey.a in Frameworks */,
				0CB797F71F8E548100A7D8F4 /* libuv.a in Frameworks */,
				0CB797F31F8E548100A7D8F4 /* libluv.a in Frameworks */,
				0CB797F21F8E548100A7D8F4 /* libluajit-5.1.a in Frameworks */,
			);
			runOnlyForDeploymentPostprocessing = 0;
		};
/* End PBXFrameworksBuildPhase section */

/* Begin PBXGroup section */
		0C62895E1F83A55600A57EED /* Compatibles */ = {
			isa = PBXGroup;
			children = (
				0C62895F1F83A57200A57EED /* SourceCodeEditor.swift */,
			);
			path = Compatibles;
			sourceTree = "<group>";
		};
		0C8F7B341F822E76006C356E /* Supporting Files */ = {
			isa = PBXGroup;
			children = (
				0C7735F81F84251400EF582E /* xcode.vim */,
				0C98367A1F82AAFE0047E699 /* XNeovim.h */,
				0C8F7B371F822E77006C356E /* Info.plist */,
			);
			path = "Supporting Files";
			sourceTree = "<group>";
		};
		0C8F7B3B1F822EBC006C356E /* Components */ = {
			isa = PBXGroup;
			children = (
				0CD3D5D41F868FF70081EEF9 /* XNeovimBuffer.h */,
				0CD3D5D51F868FF80081EEF9 /* XNeovimBuffer.m */,
				0C9A7D5A1F86D7F400D74A99 /* XNeovimServer.h */,
				0C9A7D591F86D7F400D74A99 /* XNeovimServer.m */,
				0CD835531F8B2A8B00773F21 /* XNeovimServer+Internal.h */,
				0C9A7D551F86D5A200D74A99 /* XNeovimServerInput.h */,
				0C9A7D561F86D5A200D74A99 /* XNeovimServerInput.m */,
				0C9A7D5E1F86D80400D74A99 /* XNeovimServerScreen.h */,
				0C9A7D5D1F86D80400D74A99 /* XNeovimServerScreen.m */,
				0CD835481F8B1DFD00773F21 /* XNeovimServerScreen+Internal.h */,
				0CD3D5D81F868FF80081EEF9 /* XNeovimServerView.h */,
				0CD3D5D31F868FF70081EEF9 /* XNeovimServerView.m */,
				0CD8354B1F8B1DFE00773F21 /* XNeovimServerView+Internal.h */,
				0CD3D5D91F868FF80081EEF9 /* XNeovimServerWindow.h */,
				0CD3D5D61F868FF80081EEF9 /* XNeovimServerWindow.m */,
				0CD8354A1F8B1DFD00773F21 /* XNeovimServerWindow+Internal.h */,
				0CD835591F8B32E000773F21 /* XNeovimServerPosition.h */,
				0CD8355A1F8B32E000773F21 /* XNeovimServerPosition.m */,
				0CD835551F8B302500773F21 /* XNeovimServerSelection.h */,
				0CD835561F8B302500773F21 /* XNeovimServerSelection.m */,
			);
			path = Components;
			sourceTree = "<group>";
		};
		0C95C7551F80398300D477DB /* Frameworks */ = {
			isa = PBXGroup;
			children = (
				0CD48BED1F8DD79000D9FE20 /* libintl.a */,
				0CB797E61F8E547900A7D8F4 /* libnvim.a */,
				0CB797EB1F8E547900A7D8F4 /* libjemalloc_pic.a */,
				0CB797EE1F8E547A00A7D8F4 /* libjemalloc.a */,
				0CB797EC1F8E547900A7D8F4 /* libluajit-5.1.a */,
				0CB797ED1F8E547A00A7D8F4 /* libluv.a */,
				0CB797E71F8E547900A7D8F4 /* libmsgpackc.a */,
				0CB797E81F8E547900A7D8F4 /* libtermkey.a */,
				0CB797E51F8E547900A7D8F4 /* libunibilium.a */,
				0CB797E91F8E547900A7D8F4 /* libuv.a */,
				0CB797EA1F8E547900A7D8F4 /* libvterm.a */,
				0C8F7B3F1F822F50006C356E /* libiconv.tbd */,
				0C95C7AB1F8082B300D477DB /* SourceEditor */,
				0C7D3CE51F80B5F100D26CB3 /* DVTFoundation */,
				0C95C7AC1F8082BF00D477DB /* DVTKit */,
				0C7D3CE11F80B24000D26CB3 /* IDEKit */,
				0C7D3CE31F80B2C400D26CB3 /* IDESourceEditor */,
				0C7D3CE71F80B99800D26CB3 /* IDEPegasusSourceEditor */,
			);
			name = Frameworks;
			sourceTree = "<group>";
		};
		0C95C7B31F80836800D477DB /* Private */ = {
			isa = PBXGroup;
			children = (
				0C95C7B41F80836800D477DB /* Xcode4 */,
			);
			path = Private;
			sourceTree = "<group>";
		};
		0C95C7B41F80836800D477DB /* Xcode4 */ = {
			isa = PBXGroup;
			children = (
				0C95C7B51F80836800D477DB /* DVTFoundation.h */,
				0C95C7B61F80836800D477DB /* DVTKit.h */,
				0C95C7B71F80836800D477DB /* IDEFoundation.h */,
				0C95C7B81F80836800D477DB /* IDEKit.h */,
				0C95C7B91F80836800D477DB /* IDESourceEditor.h */,
			);
			path = Xcode4;
			sourceTree = "<group>";
		};
		0C95C7BA1F80836800D477DB /* Components */ = {
			isa = PBXGroup;
			children = (
				0C7D3CE91F81684300D26CB3 /* XNeovimView.swift */,
				0C7D3CEB1F81687F00D26CB3 /* XNeovimStatusBar.swift */,
			);
			path = Components;
			sourceTree = "<group>";
		};
		0C95C7BE1F80836800D477DB /* Supporting Files */ = {
			isa = PBXGroup;
			children = (
				0CD835661F8D1A7C00773F21 /* rd_get_func_impl.c */,
				0CD835601F8D06E000773F21 /* rd_route.c */,
				0CD8355F1F8D06DF00773F21 /* rd_route.h */,
				0C95C7BF1F80836800D477DB /* Info.plist */,
				0C7D3CED1F81727E00D26CB3 /* Helper.swift */,
				0C95C7C01F80836800D477DB /* Logger.swift */,
				0C95C7C11F80836800D477DB /* Runtime.swift */,
			);
			path = "Supporting Files";
			sourceTree = "<group>";
		};
		0CDE27821F802CB4005D4E3C /* Service */ = {
			isa = PBXGroup;
			children = (
				0C13CE521F8086450014AF7B /* runtime */,
				0C95C7511F8032A100D477DB /* neovim */,
				0C8F7B3B1F822EBC006C356E /* Components */,
				0C8F7B341F822E76006C356E /* Supporting Files */,
				0CDE27831F802CB4005D4E3C /* XNeovimService.h */,
			);
			path = Service;
			sourceTree = "<group>";
		};
		35463F011C27665100C5544D = {
			isa = PBXGroup;
			children = (
				35463F1B1C276ABA00C5544D /* Documentation */,
				0CDE27821F802CB4005D4E3C /* Service */,
				35463F0B1C27665100C5544D /* Sources */,
				0C95C7551F80398300D477DB /* Frameworks */,
				35463F0A1C27665100C5544D /* Products */,
			);
			sourceTree = "<group>";
		};
		35463F0A1C27665100C5544D /* Products */ = {
			isa = PBXGroup;
			children = (
				35463F091C27665100C5544D /* XNeovim.xcplugin */,
				0CDE27811F802CB4005D4E3C /* XNeovimService.framework */,
			);
			name = Products;
			sourceTree = "<group>";
		};
		35463F0B1C27665100C5544D /* Sources */ = {
			isa = PBXGroup;
			children = (
				0C62895E1F83A55600A57EED /* Compatibles */,
				0C95C7BA1F80836800D477DB /* Components */,
				0C95C7B31F80836800D477DB /* Private */,
				0C95C7BE1F80836800D477DB /* Supporting Files */,
				35463F0F1C27665100C5544D /* XNeovim.swift */,
				0C95C7C21F80836800D477DB /* XNeovim-Bridging.h */,
			);
			path = Sources;
			sourceTree = "<group>";
		};
		35463F1B1C276ABA00C5544D /* Documentation */ = {
			isa = PBXGroup;
			children = (
				35463F1C1C276AE200C5544D /* README.md */,
			);
			name = Documentation;
			sourceTree = "<group>";
		};
/* End PBXGroup section */

/* Begin PBXHeadersBuildPhase section */
		0CDE277E1F802CB4005D4E3C /* Headers */ = {
			isa = PBXHeadersBuildPhase;
			buildActionMask = 2147483647;
			files = (
				0C9A7D5C1F86D7F500D74A99 /* XNeovimServer.h in Headers */,
				0CD8354E1F8B1DFE00773F21 /* XNeovimServerScreen+Internal.h in Headers */,
				0CD835501F8B1DFE00773F21 /* XNeovimServerWindow+Internal.h in Headers */,
				0CD3D5E01F868FF80081EEF9 /* XNeovimServerView.h in Headers */,
				0CD3D5E11F868FF80081EEF9 /* XNeovimServerWindow.h in Headers */,
				0C9A7D601F86D80400D74A99 /* XNeovimServerScreen.h in Headers */,
				0CD835571F8B302500773F21 /* XNeovimServerSelection.h in Headers */,
				0CD3D5DC1F868FF80081EEF9 /* XNeovimBuffer.h in Headers */,
				0CD8355B1F8B32E000773F21 /* XNeovimServerPosition.h in Headers */,
				0CD835541F8B2A8B00773F21 /* XNeovimServer+Internal.h in Headers */,
				0C9A7D571F86D5A200D74A99 /* XNeovimServerInput.h in Headers */,
				0CD835511F8B1DFE00773F21 /* XNeovimServerView+Internal.h in Headers */,
				0CDE27911F802CB4005D4E3C /* XNeovimService.h in Headers */,
			);
			runOnlyForDeploymentPostprocessing = 0;
		};
/* End PBXHeadersBuildPhase section */

/* Begin PBXNativeTarget section */
		0CDE27801F802CB4005D4E3C /* XNeovimService */ = {
			isa = PBXNativeTarget;
			buildConfigurationList = 0CDE27921F802CB4005D4E3C /* Build configuration list for PBXNativeTarget "XNeovimService" */;
			buildPhases = (
				0C95C7531F8033F800D477DB /* building-libneovim */,
				0CDE277C1F802CB4005D4E3C /* Sources */,
				0CDE277D1F802CB4005D4E3C /* Frameworks */,
				0CDE277E1F802CB4005D4E3C /* Headers */,
				0CDE277F1F802CB4005D4E3C /* Resources */,
				0C7735FA1F8427B900EF582E /* CopyFiles */,
			);
			buildRules = (
			);
			dependencies = (
			);
			name = XNeovimService;
			productName = XNeovimService;
			productReference = 0CDE27811F802CB4005D4E3C /* XNeovimService.framework */;
			productType = "com.apple.product-type.framework";
		};
		35463F081C27665100C5544D /* XNeovim */ = {
			isa = PBXNativeTarget;
			buildConfigurationList = 35463F161C27665100C5544D /* Build configuration list for PBXNativeTarget "XNeovim" */;
			buildPhases = (
				35463F061C27665100C5544D /* Sources */,
				35463F071C27665100C5544D /* Resources */,
				0CB104C81EEFF589002CB7FA /* Embed Frameworks */,
				00380A711F3CEBE000916E02 /* Frameworks */,
			);
			buildRules = (
			);
			dependencies = (
				0C8F7B311F822DF2006C356E /* PBXTargetDependency */,
			);
			name = XNeovim;
			productName = VWInstantRun;
			productReference = 35463F091C27665100C5544D /* XNeovim.xcplugin */;
			productType = "com.apple.product-type.bundle";
		};
/* End PBXNativeTarget section */

/* Begin PBXProject section */
		35463F021C27665100C5544D /* Project object */ = {
			isa = PBXProject;
			attributes = {
				CLASSPREFIX = XNeovim;
				LastSwiftUpdateCheck = 0900;
				LastUpgradeCheck = 0900;
				ORGANIZATIONNAME = "Austin Rude";
				TargetAttributes = {
					0CDE27801F802CB4005D4E3C = {
						CreatedOnToolsVersion = 9.0;
						ProvisioningStyle = Automatic;
					};
					35463F081C27665100C5544D = {
						CreatedOnToolsVersion = 7.2;
						ProvisioningStyle = Automatic;
					};
				};
			};
			buildConfigurationList = 35463F051C27665100C5544D /* Build configuration list for PBXProject "XNeovim" */;
			compatibilityVersion = "Xcode 8.0";
			developmentRegion = English;
			hasScannedForEncodings = 0;
			knownRegions = (
				en,
			);
			mainGroup = 35463F011C27665100C5544D;
			productRefGroup = 35463F0A1C27665100C5544D /* Products */;
			projectDirPath = "";
			projectRoot = "";
			targets = (
				35463F081C27665100C5544D /* XNeovim */,
				0CDE27801F802CB4005D4E3C /* XNeovimService */,
			);
		};
/* End PBXProject section */

/* Begin PBXResourcesBuildPhase section */
		0CDE277F1F802CB4005D4E3C /* Resources */ = {
			isa = PBXResourcesBuildPhase;
			buildActionMask = 2147483647;
			files = (
				0C13CE541F8086520014AF7B /* runtime in Resources */,
			);
			runOnlyForDeploymentPostprocessing = 0;
		};
		35463F071C27665100C5544D /* Resources */ = {
			isa = PBXResourcesBuildPhase;
			buildActionMask = 2147483647;
			files = (
			);
			runOnlyForDeploymentPostprocessing = 0;
		};
/* End PBXResourcesBuildPhase section */

/* Begin PBXShellScriptBuildPhase section */
		0C95C7531F8033F800D477DB /* building-libneovim */ = {
			isa = PBXShellScriptBuildPhase;
			buildActionMask = 2147483647;
			files = (
			);
			inputPaths = (
			);
			name = "building-libneovim";
			outputPaths = (
			);
			runOnlyForDeploymentPostprocessing = 0;
			shellPath = "/bin/sh -e";
			shellScript = "pushd \"${SRCROOT}/Service/neovim\"\n\n# We assume that we're already in the neovim project root\nmake CFLAGS='-mmacosx-version-min=10.10' MACOSX_DEPLOYMENT_TARGET=10.10 CMAKE_EXTRA_FLAGS=\"-DGETTEXT_SOURCE=CUSTOM\" libnvim\n\n#/bin/sh ../build/generate_source.py\npopd\n";
		};
/* End PBXShellScriptBuildPhase section */

/* Begin PBXSourcesBuildPhase section */
		0CDE277C1F802CB4005D4E3C /* Sources */ = {
			isa = PBXSourcesBuildPhase;
			buildActionMask = 2147483647;
			files = (
				0C9A7D5F1F86D80400D74A99 /* XNeovimServerScreen.m in Sources */,
				0CD835581F8B302500773F21 /* XNeovimServerSelection.m in Sources */,
				0C9A7D5B1F86D7F500D74A99 /* XNeovimServer.m in Sources */,
				0CD835671F8D1A7D00773F21 /* rd_get_func_impl.c in Sources */,
				0CD3D5DB1F868FF80081EEF9 /* XNeovimServerView.m in Sources */,
				0CD8355C1F8B32E000773F21 /* XNeovimServerPosition.m in Sources */,
				0C9A7D581F86D5A200D74A99 /* XNeovimServerInput.m in Sources */,
				0CD3D5DE1F868FF80081EEF9 /* XNeovimServerWindow.m in Sources */,
				0CD3D5DD1F868FF80081EEF9 /* XNeovimBuffer.m in Sources */,
			);
			runOnlyForDeploymentPostprocessing = 0;
		};
		35463F061C27665100C5544D /* Sources */ = {
			isa = PBXSourcesBuildPhase;
			buildActionMask = 2147483647;
			files = (
				0C7D3CEC1F81687F00D26CB3 /* XNeovimStatusBar.swift in Sources */,
				0C95C7D21F8083A200D477DB /* Logger.swift in Sources */,
				0C6289601F83A57200A57EED /* SourceCodeEditor.swift in Sources */,
				0C95C7D31F8083A200D477DB /* Runtime.swift in Sources */,
				0C7D3CEA1F81684300D26CB3 /* XNeovimView.swift in Sources */,
				35463F101C27665100C5544D /* XNeovim.swift in Sources */,
				0C7D3CEE1F81727E00D26CB3 /* Helper.swift in Sources */,
				0CD835611F8D06E000773F21 /* rd_route.c in Sources */,
			);
			runOnlyForDeploymentPostprocessing = 0;
		};
/* End PBXSourcesBuildPhase section */

/* Begin PBXTargetDependency section */
		0C8F7B311F822DF2006C356E /* PBXTargetDependency */ = {
			isa = PBXTargetDependency;
			target = 0CDE27801F802CB4005D4E3C /* XNeovimService */;
			targetProxy = 0C8F7B301F822DF2006C356E /* PBXContainerItemProxy */;
		};
/* End PBXTargetDependency section */

/* Begin XCBuildConfiguration section */
		0CDE27931F802CB4005D4E3C /* Debug */ = {
			isa = XCBuildConfiguration;
			buildSettings = {
				CLANG_ANALYZER_NONNULL = YES;
				CLANG_ANALYZER_NUMBER_OBJECT_CONVERSION = YES_AGGRESSIVE;
				CLANG_CXX_LANGUAGE_STANDARD = "gnu++14";
				CLANG_WARN_DOCUMENTATION_COMMENTS = YES;
				CLANG_WARN_UNGUARDED_AVAILABILITY = YES_AGGRESSIVE;
				CODE_SIGN_IDENTITY = "Mac Developer";
				CODE_SIGN_STYLE = Automatic;
				COMBINE_HIDPI_IMAGES = YES;
				CURRENT_PROJECT_VERSION = 1;
				DEFINES_MODULE = YES;
				DEVELOPMENT_TEAM = FN2B5W3WWQ;
				DYLIB_COMPATIBILITY_VERSION = 1;
				DYLIB_CURRENT_VERSION = 1;
				DYLIB_INSTALL_NAME_BASE = "@rpath";
				FRAMEWORK_VERSION = A;
				GCC_C_LANGUAGE_STANDARD = gnu11;
				GCC_PREPROCESSOR_DEFINITIONS = (
					"INCLUDE_GENERATED_DECLARATIONS=1",
					"$(inherited)",
				);
				HEADER_SEARCH_PATHS = (
					"$(PROJECT_DIR)/Service/neovim/src",
					"$(PROJECT_DIR)/Service/neovim/build/config",
					"$(PROJECT_DIR)/Service/neovim/build/include",
					"$(PROJECT_DIR)/Service/neovim/build/src/nvim/auto",
					"$(PROJECT_DIR)/Service/neovim/.deps/usr/include",
					/usr/local/opt/gettext/include/,
					"$(inherited)",
				);
				INFOPLIST_FILE = "$(SRCROOT)/Service/Supporting Files/Info.plist";
				INSTALL_PATH = "$(LOCAL_LIBRARY_DIR)/Frameworks";
				LD_RUNPATH_SEARCH_PATHS = "$(inherited) @executable_path/../Frameworks @loader_path/Frameworks @loader_path/../Frameworks";
				LIBRARY_SEARCH_PATHS = (
					"$(PROJECT_DIR)/Service/neovim/.deps/usr/lib",
					"$(PROJECT_DIR)/Service/neovim/build/lib",
					/usr/local/opt/gettext/lib/,
					"$(inherited)",
				);
				PRODUCT_BUNDLE_IDENTIFIER = com.rudedogg.xneovim.service;
				PRODUCT_NAME = "$(TARGET_NAME:c99extidentifier)";
				SDKROOT = macosx;
				SKIP_INSTALL = YES;
				SWIFT_ACTIVE_COMPILATION_CONDITIONS = DEBUG;
				SWIFT_OPTIMIZATION_LEVEL = "-Onone";
				SWIFT_VERSION = 4.0;
				VERSIONING_SYSTEM = "apple-generic";
				VERSION_INFO_PREFIX = "";
			};
			name = Debug;
		};
		0CDE27941F802CB4005D4E3C /* Release */ = {
			isa = XCBuildConfiguration;
			buildSettings = {
				CLANG_ANALYZER_NONNULL = YES;
				CLANG_ANALYZER_NUMBER_OBJECT_CONVERSION = YES_AGGRESSIVE;
				CLANG_CXX_LANGUAGE_STANDARD = "gnu++14";
				CLANG_WARN_DOCUMENTATION_COMMENTS = YES;
				CLANG_WARN_UNGUARDED_AVAILABILITY = YES_AGGRESSIVE;
				CODE_SIGN_IDENTITY = "Mac Developer";
				CODE_SIGN_STYLE = Automatic;
				COMBINE_HIDPI_IMAGES = YES;
				CURRENT_PROJECT_VERSION = 1;
				DEFINES_MODULE = YES;
				DEVELOPMENT_TEAM = FN2B5W3WWQ;
				DYLIB_COMPATIBILITY_VERSION = 1;
				DYLIB_CURRENT_VERSION = 1;
				DYLIB_INSTALL_NAME_BASE = "@rpath";
				FRAMEWORK_VERSION = A;
				GCC_C_LANGUAGE_STANDARD = gnu11;
				GCC_PREPROCESSOR_DEFINITIONS = (
					"INCLUDE_GENERATED_DECLARATIONS=1",
					"$(inherited)",
				);
				HEADER_SEARCH_PATHS = (
					"$(PROJECT_DIR)/Service/neovim/src",
					"$(PROJECT_DIR)/Service/neovim/build/config",
					"$(PROJECT_DIR)/Service/neovim/build/include",
					"$(PROJECT_DIR)/Service/neovim/build/src/nvim/auto",
					"$(PROJECT_DIR)/Service/neovim/.deps/usr/include",
					/usr/local/opt/gettext/include/,
					"$(inherited)",
				);
				INFOPLIST_FILE = "$(SRCROOT)/Service/Supporting Files/Info.plist";
				INSTALL_PATH = "$(LOCAL_LIBRARY_DIR)/Frameworks";
				LD_RUNPATH_SEARCH_PATHS = "$(inherited) @executable_path/../Frameworks @loader_path/Frameworks @loader_path/../Frameworks";
				LIBRARY_SEARCH_PATHS = (
					"$(PROJECT_DIR)/Service/neovim/.deps/usr/lib",
					"$(PROJECT_DIR)/Service/neovim/build/lib",
					/usr/local/opt/gettext/lib/,
					"$(inherited)",
				);
				PRODUCT_BUNDLE_IDENTIFIER = com.rudedogg.xneovim.service;
				PRODUCT_NAME = "$(TARGET_NAME:c99extidentifier)";
				SDKROOT = macosx;
				SKIP_INSTALL = YES;
				SWIFT_VERSION = 4.0;
				VERSIONING_SYSTEM = "apple-generic";
				VERSION_INFO_PREFIX = "";
			};
			name = Release;
		};
		35463F141C27665100C5544D /* Debug */ = {
			isa = XCBuildConfiguration;
			buildSettings = {
				ALWAYS_EMBED_SWIFT_STANDARD_LIBRARIES = YES;
				ALWAYS_SEARCH_USER_PATHS = NO;
				CLANG_CXX_LANGUAGE_STANDARD = "gnu++0x";
				CLANG_CXX_LIBRARY = "libc++";
				CLANG_ENABLE_MODULES = YES;
				CLANG_ENABLE_OBJC_ARC = YES;
				CLANG_WARN_BLOCK_CAPTURE_AUTORELEASING = YES;
				CLANG_WARN_BOOL_CONVERSION = YES;
				CLANG_WARN_COMMA = YES;
				CLANG_WARN_CONSTANT_CONVERSION = YES;
				CLANG_WARN_DIRECT_OBJC_ISA_USAGE = YES_ERROR;
				CLANG_WARN_EMPTY_BODY = YES;
				CLANG_WARN_ENUM_CONVERSION = YES;
				CLANG_WARN_INFINITE_RECURSION = YES;
				CLANG_WARN_INT_CONVERSION = YES;
				CLANG_WARN_NON_LITERAL_NULL_CONVERSION = YES;
				CLANG_WARN_OBJC_LITERAL_CONVERSION = YES;
				CLANG_WARN_OBJC_ROOT_CLASS = YES_ERROR;
				CLANG_WARN_RANGE_LOOP_ANALYSIS = YES;
				CLANG_WARN_STRICT_PROTOTYPES = YES;
				CLANG_WARN_SUSPICIOUS_MOVE = YES;
				CLANG_WARN_UNREACHABLE_CODE = YES;
				CLANG_WARN__DUPLICATE_METHOD_MATCH = YES;
				COPY_PHASE_STRIP = NO;
				DEBUG_INFORMATION_FORMAT = dwarf;
				ENABLE_STRICT_OBJC_MSGSEND = YES;
				ENABLE_TESTABILITY = YES;
				GCC_C_LANGUAGE_STANDARD = gnu99;
				GCC_DYNAMIC_NO_PIC = NO;
				GCC_NO_COMMON_BLOCKS = YES;
				GCC_OPTIMIZATION_LEVEL = 0;
				GCC_PREPROCESSOR_DEFINITIONS = (
					"DEBUG=1",
					"$(inherited)",
				);
				GCC_WARN_64_TO_32_BIT_CONVERSION = YES;
				GCC_WARN_ABOUT_RETURN_TYPE = YES_ERROR;
				GCC_WARN_UNDECLARED_SELECTOR = YES;
				GCC_WARN_UNINITIALIZED_AUTOS = YES_AGGRESSIVE;
				GCC_WARN_UNUSED_FUNCTION = YES;
				GCC_WARN_UNUSED_VARIABLE = YES;
				MACOSX_DEPLOYMENT_TARGET = 10.11;
				MTL_ENABLE_DEBUG_INFO = YES;
				ONLY_ACTIVE_ARCH = YES;
				SWIFT_VERSION = 3.0;
			};
			name = Debug;
		};
		35463F151C27665100C5544D /* Release */ = {
			isa = XCBuildConfiguration;
			buildSettings = {
				ALWAYS_EMBED_SWIFT_STANDARD_LIBRARIES = YES;
				ALWAYS_SEARCH_USER_PATHS = NO;
				CLANG_CXX_LANGUAGE_STANDARD = "gnu++0x";
				CLANG_CXX_LIBRARY = "libc++";
				CLANG_ENABLE_MODULES = YES;
				CLANG_ENABLE_OBJC_ARC = YES;
				CLANG_WARN_BLOCK_CAPTURE_AUTORELEASING = YES;
				CLANG_WARN_BOOL_CONVERSION = YES;
				CLANG_WARN_COMMA = YES;
				CLANG_WARN_CONSTANT_CONVERSION = YES;
				CLANG_WARN_DIRECT_OBJC_ISA_USAGE = YES_ERROR;
				CLANG_WARN_EMPTY_BODY = YES;
				CLANG_WARN_ENUM_CONVERSION = YES;
				CLANG_WARN_INFINITE_RECURSION = YES;
				CLANG_WARN_INT_CONVERSION = YES;
				CLANG_WARN_NON_LITERAL_NULL_CONVERSION = YES;
				CLANG_WARN_OBJC_LITERAL_CONVERSION = YES;
				CLANG_WARN_OBJC_ROOT_CLASS = YES_ERROR;
				CLANG_WARN_RANGE_LOOP_ANALYSIS = YES;
				CLANG_WARN_STRICT_PROTOTYPES = YES;
				CLANG_WARN_SUSPICIOUS_MOVE = YES;
				CLANG_WARN_UNREACHABLE_CODE = YES;
				CLANG_WARN__DUPLICATE_METHOD_MATCH = YES;
				COPY_PHASE_STRIP = NO;
				DEBUG_INFORMATION_FORMAT = "dwarf-with-dsym";
				ENABLE_NS_ASSERTIONS = NO;
				ENABLE_STRICT_OBJC_MSGSEND = YES;
				GCC_C_LANGUAGE_STANDARD = gnu99;
				GCC_NO_COMMON_BLOCKS = YES;
				GCC_WARN_64_TO_32_BIT_CONVERSION = YES;
				GCC_WARN_ABOUT_RETURN_TYPE = YES_ERROR;
				GCC_WARN_UNDECLARED_SELECTOR = YES;
				GCC_WARN_UNINITIALIZED_AUTOS = YES_AGGRESSIVE;
				GCC_WARN_UNUSED_FUNCTION = YES;
				GCC_WARN_UNUSED_VARIABLE = YES;
				MACOSX_DEPLOYMENT_TARGET = 10.11;
				MTL_ENABLE_DEBUG_INFO = NO;
				SWIFT_OPTIMIZATION_LEVEL = "-Owholemodule";
				SWIFT_VERSION = 3.0;
			};
			name = Release;
		};
		35463F171C27665100C5544D /* Debug */ = {
			isa = XCBuildConfiguration;
			buildSettings = {
				CODE_SIGN_IDENTITY = "Mac Developer";
				CODE_SIGN_STYLE = Automatic;
				COMBINE_HIDPI_IMAGES = YES;
				DEPLOYMENT_LOCATION = YES;
				DEVELOPMENT_TEAM = FN2B5W3WWQ;
				DSTROOT = "$(HOME)";
				FRAMEWORK_SEARCH_PATHS = "$(inherited)";
				GCC_PRECOMPILE_PREFIX_HEADER = YES;
				INFOPLIST_FILE = "$(SRCROOT)/Sources/Supporting Files/Info.plist";
				INSTALL_PATH = "/Library/Application Support/Developer/Shared/Xcode/Plug-ins";
				LD_RUNPATH_SEARCH_PATHS = "$(DT_TOOLCHAIN_DIR)/usr/lib/swift/macosx";
				LIBRARY_SEARCH_PATHS = "$(inherited)";
				OTHER_SWIFT_FLAGS = "";
				PRODUCT_BUNDLE_IDENTIFIER = com.rudedogg.xneovim;
				PRODUCT_NAME = "$(TARGET_NAME)";
				PROVISIONING_PROFILE_SPECIFIER = "";
				STRIP_INSTALLED_PRODUCT = NO;
				SWIFT_OBJC_BRIDGING_HEADER = "Sources/$(SWIFT_MODULE_NAME)-Bridging.h";
				SWIFT_OPTIMIZATION_LEVEL = "-Onone";
				SWIFT_PRECOMPILE_BRIDGING_HEADER = YES;
				SWIFT_SWIFT3_OBJC_INFERENCE = Default;
				SWIFT_VERSION = 4.0;
				WRAPPER_EXTENSION = xcplugin;
			};
			name = Debug;
		};
		35463F181C27665100C5544D /* Release */ = {
			isa = XCBuildConfiguration;
			buildSettings = {
				CODE_SIGN_IDENTITY = "Mac Developer";
				CODE_SIGN_STYLE = Automatic;
				COMBINE_HIDPI_IMAGES = YES;
				DEPLOYMENT_LOCATION = YES;
				DEVELOPMENT_TEAM = FN2B5W3WWQ;
				DSTROOT = "$(HOME)";
				FRAMEWORK_SEARCH_PATHS = "$(inherited)";
				GCC_PRECOMPILE_PREFIX_HEADER = YES;
				INFOPLIST_FILE = "$(SRCROOT)/Sources/Supporting Files/Info.plist";
				INSTALL_PATH = "/Library/Application Support/Developer/Shared/Xcode/Plug-ins";
				LD_RUNPATH_SEARCH_PATHS = "$(DT_TOOLCHAIN_DIR)/usr/lib/swift/macosx";
				LIBRARY_SEARCH_PATHS = "$(inherited)";
				OTHER_SWIFT_FLAGS = "";
				PRODUCT_BUNDLE_IDENTIFIER = com.rudedogg.xneovim;
				PRODUCT_NAME = "$(TARGET_NAME)";
				PROVISIONING_PROFILE_SPECIFIER = "";
				SWIFT_OBJC_BRIDGING_HEADER = "Sources/$(SWIFT_MODULE_NAME)-Bridging.h";
				SWIFT_PRECOMPILE_BRIDGING_HEADER = YES;
				SWIFT_SWIFT3_OBJC_INFERENCE = Default;
				SWIFT_VERSION = 4.0;
				WRAPPER_EXTENSION = xcplugin;
			};
			name = Release;
		};
/* End XCBuildConfiguration section */

/* Begin XCConfigurationList section */
		0CDE27921F802CB4005D4E3C /* Build configuration list for PBXNativeTarget "XNeovimService" */ = {
			isa = XCConfigurationList;
			buildConfigurations = (
				0CDE27931F802CB4005D4E3C /* Debug */,
				0CDE27941F802CB4005D4E3C /* Release */,
			);
			defaultConfigurationIsVisible = 0;
			defaultConfigurationName = Release;
		};
		35463F051C27665100C5544D /* Build configuration list for PBXProject "XNeovim" */ = {
			isa = XCConfigurationList;
			buildConfigurations = (
				35463F141C27665100C5544D /* Debug */,
				35463F151C27665100C5544D /* Release */,
			);
			defaultConfigurationIsVisible = 0;
			defaultConfigurationName = Release;
		};
		35463F161C27665100C5544D /* Build configuration list for PBXNativeTarget "XNeovim" */ = {
			isa = XCConfigurationList;
			buildConfigurations = (
				35463F171C27665100C5544D /* Debug */,
				35463F181C27665100C5544D /* Release */,
			);
			defaultConfigurationIsVisible = 0;
			defaultConfigurationName = Release;
		};
/* End XCConfigurationList section */
	};
	rootObject = 35463F021C27665100C5544D /* Project object */;
}
